<?xml version="1.0" encoding="utf-8"?>
<Project ToolsVersion="4.0" xmlns="http://schemas.microsoft.com/developer/msbuild/2003">
  <ItemGroup>
    <Filter Include="Source Files">
      <UniqueIdentifier>{4FC737F1-C7A5-4376-A066-2A32D752A2FF}</UniqueIdentifier>
      <Extensions>cpp;c;cc;cxx;c++;cppm;ixx;def;odl;idl;hpj;bat;asm;asmx</Extensions>
    </Filter>
    <Filter Include="Header Files">
      <UniqueIdentifier>{93995380-89BD-4b04-88EB-625FBE52EBFB}</UniqueIdentifier>
      <Extensions>h;hh;hpp;hxx;h++;hm;inl;inc;ipp;xsd</Extensions>
    </Filter>
    <Filter Include="Resource Files">
      <UniqueIdentifier>{67DA6AB6-F800-4c08-8B7A-83BB121AAD01}</UniqueIdentifier>
      <Extensions>rc;ico;cur;bmp;dlg;rc2;rct;bin;rgs;gif;jpg;jpeg;jpe;resx;tiff;tif;png;wav;mfcribbon-ms</Extensions>
    </Filter>
    <Filter Include="Header Files\json">
      <UniqueIdentifier>{51bd6dd6-b0ec-4a3c-afdf-8617c8ec8f79}</UniqueIdentifier>
    </Filter>
    <Filter Include="Header Files\sdlutils">
      <UniqueIdentifier>{58dd9447-2a0c-4272-b611-c6dc1d2f3cd1}</UniqueIdentifier>
    </Filter>
    <Filter Include="Source Files\json">
      <UniqueIdentifier>{fc8a7623-40da-4e39-9225-e97151939786}</UniqueIdentifier>
    </Filter>
    <Filter Include="Source Files\sdlutils">
      <UniqueIdentifier>{79014077-a55a-4baf-80ee-123eaf9d0690}</UniqueIdentifier>
    </Filter>
    <Filter Include="Source Files\utils">
      <UniqueIdentifier>{4996d8ef-bbc9-46ba-a09a-6b560aba4a97}</UniqueIdentifier>
    </Filter>
    <Filter Include="Header Files\ecs">
      <UniqueIdentifier>{3e023f47-83f3-4e1a-82b5-e711111c030e}</UniqueIdentifier>
    </Filter>
    <Filter Include="Source Files\ecs">
      <UniqueIdentifier>{cb2a60a3-b3da-4485-8b96-4fdd931f3720}</UniqueIdentifier>
    </Filter>
    <Filter Include="Header Files\components">
      <UniqueIdentifier>{2f34ca91-e4fc-4bd3-9072-accb8d3f9195}</UniqueIdentifier>
    </Filter>
    <Filter Include="Source Files\components">
      <UniqueIdentifier>{f859dfb5-bcb4-444c-a962-bd0f44efa52a}</UniqueIdentifier>
    </Filter>
    <Filter Include="Header Files\game">
      <UniqueIdentifier>{e341f476-ba08-480f-b65c-c012032d12de}</UniqueIdentifier>
    </Filter>
    <Filter Include="Source Files\game">
      <UniqueIdentifier>{40c29684-d722-41cd-a0c3-a632d59fbb51}</UniqueIdentifier>
    </Filter>
    <Filter Include="Header Files\json\utils">
      <UniqueIdentifier>{c64a0449-cd8f-4c5c-9f32-b62e25f7b9ff}</UniqueIdentifier>
    </Filter>
  </ItemGroup>
  <ItemGroup>
    <ClCompile Include="json\JSON.cpp">
      <Filter>Source Files\json</Filter>
    </ClCompile>
    <ClCompile Include="json\JSONValue.cpp">
      <Filter>Source Files\json</Filter>
    </ClCompile>
    <ClCompile Include="utils\Collisions.cpp">
      <Filter>Source Files\utils</Filter>
    </ClCompile>
    <ClCompile Include="utils\Vector2D.cpp">
      <Filter>Source Files\utils</Filter>
    </ClCompile>
    <ClCompile Include="sdlutils\SDLUtils.cpp">
      <Filter>Source Files\sdlutils</Filter>
    </ClCompile>
    <ClCompile Include="sdlutils\SoundEffect.cpp">
      <Filter>Source Files\sdlutils</Filter>
    </ClCompile>
    <ClCompile Include="sdlutils\Texture.cpp">
      <Filter>Source Files\sdlutils</Filter>
    </ClCompile>
    <ClCompile Include="json\somplejson_demo.cpp">
      <Filter>Source Files\json</Filter>
    </ClCompile>
    <ClCompile Include="ecs\Entity.cpp">
      <Filter>Source Files\ecs</Filter>
    </ClCompile>
    <ClCompile Include="ecs\Manager.cpp">
      <Filter>Source Files\ecs</Filter>
    </ClCompile>
    <ClCompile Include="sdlutils\sdlutils_demo.cpp">
      <Filter>Source Files\sdlutils</Filter>
    </ClCompile>
    <ClCompile Include="component\AsteroidsManager.cpp">
      <Filter>Source Files\components</Filter>
    </ClCompile>
    <ClCompile Include="component\CollisionManager.cpp">
      <Filter>Source Files\components</Filter>
    </ClCompile>
    <ClCompile Include="component\DeAcceleration.cpp">
      <Filter>Source Files\components</Filter>
    </ClCompile>
    <ClCompile Include="component\DisableOnExit.cpp">
      <Filter>Source Files\components</Filter>
    </ClCompile>
    <ClCompile Include="component\FighterCtrl.cpp">
      <Filter>Source Files\components</Filter>
    </ClCompile>
    <ClCompile Include="component\Follow.cpp">
      <Filter>Source Files\components</Filter>
    </ClCompile>
    <ClCompile Include="component\FramedImage.cpp">
      <Filter>Source Files\components</Filter>
    </ClCompile>
    <ClCompile Include="component\GameCtrl.cpp">
      <Filter>Source Files\components</Filter>
    </ClCompile>
    <ClCompile Include="component\Generations.cpp">
      <Filter>Source Files\components</Filter>
    </ClCompile>
    <ClCompile Include="component\Gun.cpp">
      <Filter>Source Files\components</Filter>
    </ClCompile>
    <ClCompile Include="component\Health.cpp">
      <Filter>Source Files\components</Filter>
    </ClCompile>
    <ClCompile Include="component\Image.cpp">
      <Filter>Source Files\components</Filter>
    </ClCompile>
    <ClCompile Include="component\ShowAtOppositeSide.cpp">
      <Filter>Source Files\components</Filter>
    </ClCompile>
    <ClCompile Include="component\State.cpp">
      <Filter>Source Files\components</Filter>
    </ClCompile>
    <ClCompile Include="component\Transform.cpp">
      <Filter>Source Files\components</Filter>
    </ClCompile>
    <ClCompile Include="AsteroidSystem.cpp">
      <Filter>Source Files\game</Filter>
    </ClCompile>
    <ClCompile Include="BulletsSystem.cpp">
      <Filter>Source Files\game</Filter>
    </ClCompile>
    <ClCompile Include="FighterSystem.cpp">
      <Filter>Source Files\game</Filter>
    </ClCompile>
    <ClCompile Include="Game.cpp">
      <Filter>Source Files\game</Filter>
    </ClCompile>
    <ClCompile Include="GameCtrlSystem.cpp">
      <Filter>Source Files\game</Filter>
    </ClCompile>
    <ClCompile Include="main.cpp">
      <Filter>Source Files\game</Filter>
    </ClCompile>
    <ClCompile Include="RenderSystem.cpp">
      <Filter>Source Files\game</Filter>
    </ClCompile>
    <ClCompile Include="CollisionSystem.cpp">
      <Filter>Source Files</Filter>
    </ClCompile>
    <ClCompile Include="FighterGunSystem.cpp">
      <Filter>Source Files</Filter>
    </ClCompile>
  </ItemGroup>
  <ItemGroup>
    <ClInclude Include="json\JSON.h">
      <Filter>Header Files\json</Filter>
    </ClInclude>
    <ClInclude Include="json\JSONValue.h">
      <Filter>Header Files\json</Filter>
    </ClInclude>
    <ClInclude Include="utils\Collisions.h">
      <Filter>Header Files\json\utils</Filter>
    </ClInclude>
    <ClInclude Include="utils\Singleton.h">
      <Filter>Header Files\json\utils</Filter>
    </ClInclude>
    <ClInclude Include="utils\Vector2D.h">
      <Filter>Header Files\json\utils</Filter>
    </ClInclude>
    <ClInclude Include="sdlutils\Font.h">
      <Filter>Header Files\sdlutils</Filter>
    </ClInclude>
    <ClInclude Include="sdlutils\InputHandler.h">
      <Filter>Header Files\sdlutils</Filter>
    </ClInclude>
    <ClInclude Include="sdlutils\macros.h">
      <Filter>Header Files\sdlutils</Filter>
    </ClInclude>
    <ClInclude Include="sdlutils\Music.h">
      <Filter>Header Files\sdlutils</Filter>
    </ClInclude>
    <ClInclude Include="sdlutils\RandomNumberGenerator.h">
      <Filter>Header Files\sdlutils</Filter>
    </ClInclude>
    <ClInclude Include="sdlutils\SDLUtils.h">
      <Filter>Header Files\sdlutils</Filter>
    </ClInclude>
    <ClInclude Include="sdlutils\sdlutils_demo.h">
      <Filter>Header Files\sdlutils</Filter>
    </ClInclude>
    <ClInclude Include="sdlutils\SoundEffect.h">
      <Filter>Header Files\sdlutils</Filter>
    </ClInclude>
    <ClInclude Include="sdlutils\Texture.h">
      <Filter>Header Files\sdlutils</Filter>
    </ClInclude>
    <ClInclude Include="sdlutils\VirtualTimer.h">
      <Filter>Header Files\sdlutils</Filter>
    </ClInclude>
    <ClInclude Include="json\simplejson_demo.h">
      <Filter>Header Files\json</Filter>
    </ClInclude>
    <ClInclude Include="ecs\Component.h">
      <Filter>Header Files\ecs</Filter>
    </ClInclude>
    <ClInclude Include="ecs\ecs.h">
      <Filter>Header Files\ecs</Filter>
    </ClInclude>
    <ClInclude Include="ecs\Entity.h">
      <Filter>Header Files\ecs</Filter>
    </ClInclude>
    <ClInclude Include="ecs\Manager.h">
      <Filter>Header Files\ecs</Filter>
    </ClInclude>
    <ClInclude Include="ecs\mpl.h">
      <Filter>Header Files\ecs</Filter>
    </ClInclude>
    <ClInclude Include="ecs\ecs_defs.h">
      <Filter>Header Files\ecs</Filter>
    </ClInclude>
    <ClInclude Include="component\AsteroidsManager.h">
      <Filter>Header Files\components</Filter>
    </ClInclude>
    <ClInclude Include="component\CollisionManager.h">
      <Filter>Header Files\components</Filter>
    </ClInclude>
    <ClInclude Include="component\DeAcceleration.h">
      <Filter>Header Files\components</Filter>
    </ClInclude>
    <ClInclude Include="component\DisableOnExit.h">
      <Filter>Header Files\components</Filter>
    </ClInclude>
    <ClInclude Include="component\FighterCtrl.h">
      <Filter>Header Files\components</Filter>
    </ClInclude>
    <ClInclude Include="component\Follow.h">
      <Filter>Header Files\components</Filter>
    </ClInclude>
    <ClInclude Include="component\FramedImage.h">
      <Filter>Header Files\components</Filter>
    </ClInclude>
    <ClInclude Include="component\GameCtrl.h">
      <Filter>Header Files\components</Filter>
    </ClInclude>
    <ClInclude Include="component\Generations.h">
      <Filter>Header Files\components</Filter>
    </ClInclude>
    <ClInclude Include="component\Gun.h">
      <Filter>Header Files\components</Filter>
    </ClInclude>
    <ClInclude Include="component\Health.h">
      <Filter>Header Files\components</Filter>
    </ClInclude>
    <ClInclude Include="component\Image.h">
      <Filter>Header Files\components</Filter>
    </ClInclude>
    <ClInclude Include="component\ShowAtOppositeSide.h">
      <Filter>Header Files\components</Filter>
    </ClInclude>
    <ClInclude Include="component\State.h">
      <Filter>Header Files\components</Filter>
    </ClInclude>
    <ClInclude Include="component\Transform.h">
      <Filter>Header Files\components</Filter>
    </ClInclude>
    <ClInclude Include="ecs\System.h">
      <Filter>Header Files\ecs</Filter>
    </ClInclude>
    <ClInclude Include="AsteroidSystem.h">
      <Filter>Header Files\game</Filter>
    </ClInclude>
    <ClInclude Include="BulletsSystem.h">
      <Filter>Header Files\game</Filter>
    </ClInclude>
    <ClInclude Include="FighterSystem.h">
      <Filter>Header Files\game</Filter>
    </ClInclude>
    <ClInclude Include="Game.h">
      <Filter>Header Files\game</Filter>
    </ClInclude>
    <ClInclude Include="GameCtrlSystem.h">
      <Filter>Header Files\game</Filter>
    </ClInclude>
    <ClInclude Include="Message.h">
      <Filter>Header Files\game</Filter>
    </ClInclude>
    <ClInclude Include="RenderSystem.h">
      <Filter>Header Files</Filter>
    </ClInclude>
    <ClInclude Include="CollisionSystem.h">
      <Filter>Header Files</Filter>
    </ClInclude>
    <ClInclude Include="FighterGunSystem.h">
      <Filter>Header Files</Filter>
    </ClInclude>
  </ItemGroup>
  <ItemGroup>
    <None Include="resources\config\resources.json">
      <Filter>Resource Files</Filter>
    </None>
  </ItemGroup>
</Project>